// !$*UTF8*$!
{
	archiveVersion = 1;
	classes = {
	};
	objectVersion = 46;
	objects = {

/* Begin PBXBuildFile section */
		03428C1F1BE85E9100704898 /* DBAccountService.m in Sources */ = {isa = PBXBuildFile; fileRef = 03428C1E1BE85E9100704898 /* DBAccountService.m */; };
		036474EE1BE8683E005DCA8B /* AFHTTPRequestOperation.m in Sources */ = {isa = PBXBuildFile; fileRef = 036474DC1BE8683E005DCA8B /* AFHTTPRequestOperation.m */; };
		036474EF1BE8683E005DCA8B /* AFHTTPRequestOperationManager.m in Sources */ = {isa = PBXBuildFile; fileRef = 036474DE1BE8683E005DCA8B /* AFHTTPRequestOperationManager.m */; };
		036474F01BE8683E005DCA8B /* AFHTTPSessionManager.m in Sources */ = {isa = PBXBuildFile; fileRef = 036474E01BE8683E005DCA8B /* AFHTTPSessionManager.m */; };
		036474F11BE8683E005DCA8B /* AFNetworkReachabilityManager.m in Sources */ = {isa = PBXBuildFile; fileRef = 036474E31BE8683E005DCA8B /* AFNetworkReachabilityManager.m */; };
		036474F21BE8683E005DCA8B /* AFSecurityPolicy.m in Sources */ = {isa = PBXBuildFile; fileRef = 036474E51BE8683E005DCA8B /* AFSecurityPolicy.m */; };
		036474F31BE8683E005DCA8B /* AFURLConnectionOperation.m in Sources */ = {isa = PBXBuildFile; fileRef = 036474E71BE8683E005DCA8B /* AFURLConnectionOperation.m */; };
		036474F41BE8683E005DCA8B /* AFURLRequestSerialization.m in Sources */ = {isa = PBXBuildFile; fileRef = 036474E91BE8683E005DCA8B /* AFURLRequestSerialization.m */; };
		036474F51BE8683E005DCA8B /* AFURLResponseSerialization.m in Sources */ = {isa = PBXBuildFile; fileRef = 036474EB1BE8683E005DCA8B /* AFURLResponseSerialization.m */; };
		036474F61BE8683E005DCA8B /* AFURLSessionManager.m in Sources */ = {isa = PBXBuildFile; fileRef = 036474ED1BE8683E005DCA8B /* AFURLSessionManager.m */; };
		038837321BE706A80041DC6A /* AppDelegate.swift in Sources */ = {isa = PBXBuildFile; fileRef = 038837311BE706A80041DC6A /* AppDelegate.swift */; };
		038837341BE706A80041DC6A /* ViewController.swift in Sources */ = {isa = PBXBuildFile; fileRef = 038837331BE706A80041DC6A /* ViewController.swift */; };
		038837371BE706A80041DC6A /* Main.storyboard in Resources */ = {isa = PBXBuildFile; fileRef = 038837351BE706A80041DC6A /* Main.storyboard */; };
		038837391BE706A80041DC6A /* Assets.xcassets in Resources */ = {isa = PBXBuildFile; fileRef = 038837381BE706A80041DC6A /* Assets.xcassets */; };
		0388373C1BE706A80041DC6A /* LaunchScreen.storyboard in Resources */ = {isa = PBXBuildFile; fileRef = 0388373A1BE706A80041DC6A /* LaunchScreen.storyboard */; };
		038837471BE706A80041DC6A /* SwiftyObjectiveCTests.swift in Sources */ = {isa = PBXBuildFile; fileRef = 038837461BE706A80041DC6A /* SwiftyObjectiveCTests.swift */; };
		039A81631BF652C0001BEA34 /* SwiftyAccountService.swift in Sources */ = {isa = PBXBuildFile; fileRef = 039A81621BF652C0001BEA34 /* SwiftyAccountService.swift */; };
		03E478821BF46B200021D263 /* DBAccount.m in Sources */ = {isa = PBXBuildFile; fileRef = 03E478811BF46B200021D263 /* DBAccount.m */; };
		03F55F7E1BF586F800E2C66E /* AccountType.swift in Sources */ = {isa = PBXBuildFile; fileRef = 03F55F7D1BF586F800E2C66E /* AccountType.swift */; };
		03F55F881BF6349700E2C66E /* CheckingAccount.swift in Sources */ = {isa = PBXBuildFile; fileRef = 03F55F871BF6349700E2C66E /* CheckingAccount.swift */; };
		03F55F8A1BF634A100E2C66E /* CreditAccount.swift in Sources */ = {isa = PBXBuildFile; fileRef = 03F55F891BF634A100E2C66E /* CreditAccount.swift */; };
		03F55F931BF63EDF00E2C66E /* Quick.framework in Frameworks */ = {isa = PBXBuildFile; fileRef = 03F55F921BF63EDF00E2C66E /* Quick.framework */; };
		03F55F951BF63F0400E2C66E /* Nimble.framework in Frameworks */ = {isa = PBXBuildFile; fileRef = 03F55F941BF63F0400E2C66E /* Nimble.framework */; };
		03F55F971BF63F6E00E2C66E /* Nimble.framework in CopyFiles */ = {isa = PBXBuildFile; fileRef = 03F55F941BF63F0400E2C66E /* Nimble.framework */; settings = {ATTRIBUTES = (CodeSignOnCopy, RemoveHeadersOnCopy, ); }; };
		03F55F981BF63F6E00E2C66E /* Quick.framework in CopyFiles */ = {isa = PBXBuildFile; fileRef = 03F55F921BF63EDF00E2C66E /* Quick.framework */; settings = {ATTRIBUTES = (CodeSignOnCopy, RemoveHeadersOnCopy, ); }; };
/* End PBXBuildFile section */

/* Begin PBXContainerItemProxy section */
		038837431BE706A80041DC6A /* PBXContainerItemProxy */ = {
			isa = PBXContainerItemProxy;
			containerPortal = 038837261BE706A70041DC6A /* Project object */;
			proxyType = 1;
			remoteGlobalIDString = 0388372D1BE706A70041DC6A;
			remoteInfo = SwiftyObjectiveC;
		};
/* End PBXContainerItemProxy section */

/* Begin PBXCopyFilesBuildPhase section */
		03F55F961BF63F6500E2C66E /* CopyFiles */ = {
			isa = PBXCopyFilesBuildPhase;
			buildActionMask = 2147483647;
			dstPath = "";
			dstSubfolderSpec = 10;
			files = (
				03F55F971BF63F6E00E2C66E /* Nimble.framework in CopyFiles */,
				03F55F981BF63F6E00E2C66E /* Quick.framework in CopyFiles */,
			);
			runOnlyForDeploymentPostprocessing = 0;
		};
/* End PBXCopyFilesBuildPhase section */

/* Begin PBXFileReference section */
		03428C1C1BE85E9100704898 /* SwiftyObjectiveC-Bridging-Header.h */ = {isa = PBXFileReference; lastKnownFileType = sourcecode.c.h; path = "SwiftyObjectiveC-Bridging-Header.h"; sourceTree = "<group>"; };
		03428C1D1BE85E9100704898 /* DBAccountService.h */ = {isa = PBXFileReference; fileEncoding = 4; lastKnownFileType = sourcecode.c.h; path = DBAccountService.h; sourceTree = "<group>"; };
		03428C1E1BE85E9100704898 /* DBAccountService.m */ = {isa = PBXFileReference; fileEncoding = 4; lastKnownFileType = sourcecode.c.objc; path = DBAccountService.m; sourceTree = "<group>"; };
		036474DB1BE8683E005DCA8B /* AFHTTPRequestOperation.h */ = {isa = PBXFileReference; fileEncoding = 4; lastKnownFileType = sourcecode.c.h; path = AFHTTPRequestOperation.h; sourceTree = "<group>"; };
		036474DC1BE8683E005DCA8B /* AFHTTPRequestOperation.m */ = {isa = PBXFileReference; fileEncoding = 4; lastKnownFileType = sourcecode.c.objc; path = AFHTTPRequestOperation.m; sourceTree = "<group>"; };
		036474DD1BE8683E005DCA8B /* AFHTTPRequestOperationManager.h */ = {isa = PBXFileReference; fileEncoding = 4; lastKnownFileType = sourcecode.c.h; path = AFHTTPRequestOperationManager.h; sourceTree = "<group>"; };
		036474DE1BE8683E005DCA8B /* AFHTTPRequestOperationManager.m */ = {isa = PBXFileReference; fileEncoding = 4; lastKnownFileType = sourcecode.c.objc; path = AFHTTPRequestOperationManager.m; sourceTree = "<group>"; };
		036474DF1BE8683E005DCA8B /* AFHTTPSessionManager.h */ = {isa = PBXFileReference; fileEncoding = 4; lastKnownFileType = sourcecode.c.h; path = AFHTTPSessionManager.h; sourceTree = "<group>"; };
		036474E01BE8683E005DCA8B /* AFHTTPSessionManager.m */ = {isa = PBXFileReference; fileEncoding = 4; lastKnownFileType = sourcecode.c.objc; path = AFHTTPSessionManager.m; sourceTree = "<group>"; };
		036474E11BE8683E005DCA8B /* AFNetworking.h */ = {isa = PBXFileReference; fileEncoding = 4; lastKnownFileType = sourcecode.c.h; path = AFNetworking.h; sourceTree = "<group>"; };
		036474E21BE8683E005DCA8B /* AFNetworkReachabilityManager.h */ = {isa = PBXFileReference; fileEncoding = 4; lastKnownFileType = sourcecode.c.h; path = AFNetworkReachabilityManager.h; sourceTree = "<group>"; };
		036474E31BE8683E005DCA8B /* AFNetworkReachabilityManager.m */ = {isa = PBXFileReference; fileEncoding = 4; lastKnownFileType = sourcecode.c.objc; path = AFNetworkReachabilityManager.m; sourceTree = "<group>"; };
		036474E41BE8683E005DCA8B /* AFSecurityPolicy.h */ = {isa = PBXFileReference; fileEncoding = 4; lastKnownFileType = sourcecode.c.h; path = AFSecurityPolicy.h; sourceTree = "<group>"; };
		036474E51BE8683E005DCA8B /* AFSecurityPolicy.m */ = {isa = PBXFileReference; fileEncoding = 4; lastKnownFileType = sourcecode.c.objc; path = AFSecurityPolicy.m; sourceTree = "<group>"; };
		036474E61BE8683E005DCA8B /* AFURLConnectionOperation.h */ = {isa = PBXFileReference; fileEncoding = 4; lastKnownFileType = sourcecode.c.h; path = AFURLConnectionOperation.h; sourceTree = "<group>"; };
		036474E71BE8683E005DCA8B /* AFURLConnectionOperation.m */ = {isa = PBXFileReference; fileEncoding = 4; lastKnownFileType = sourcecode.c.objc; path = AFURLConnectionOperation.m; sourceTree = "<group>"; };
		036474E81BE8683E005DCA8B /* AFURLRequestSerialization.h */ = {isa = PBXFileReference; fileEncoding = 4; lastKnownFileType = sourcecode.c.h; path = AFURLRequestSerialization.h; sourceTree = "<group>"; };
		036474E91BE8683E005DCA8B /* AFURLRequestSerialization.m */ = {isa = PBXFileReference; fileEncoding = 4; lastKnownFileType = sourcecode.c.objc; path = AFURLRequestSerialization.m; sourceTree = "<group>"; };
		036474EA1BE8683E005DCA8B /* AFURLResponseSerialization.h */ = {isa = PBXFileReference; fileEncoding = 4; lastKnownFileType = sourcecode.c.h; path = AFURLResponseSerialization.h; sourceTree = "<group>"; };
		036474EB1BE8683E005DCA8B /* AFURLResponseSerialization.m */ = {isa = PBXFileReference; fileEncoding = 4; lastKnownFileType = sourcecode.c.objc; path = AFURLResponseSerialization.m; sourceTree = "<group>"; };
		036474EC1BE8683E005DCA8B /* AFURLSessionManager.h */ = {isa = PBXFileReference; fileEncoding = 4; lastKnownFileType = sourcecode.c.h; path = AFURLSessionManager.h; sourceTree = "<group>"; };
		036474ED1BE8683E005DCA8B /* AFURLSessionManager.m */ = {isa = PBXFileReference; fileEncoding = 4; lastKnownFileType = sourcecode.c.objc; path = AFURLSessionManager.m; sourceTree = "<group>"; };
		0388372E1BE706A70041DC6A /* SwiftyObjectiveC.app */ = {isa = PBXFileReference; explicitFileType = wrapper.application; includeInIndex = 0; path = SwiftyObjectiveC.app; sourceTree = BUILT_PRODUCTS_DIR; };
		038837311BE706A80041DC6A /* AppDelegate.swift */ = {isa = PBXFileReference; lastKnownFileType = sourcecode.swift; path = AppDelegate.swift; sourceTree = "<group>"; };
		038837331BE706A80041DC6A /* ViewController.swift */ = {isa = PBXFileReference; lastKnownFileType = sourcecode.swift; path = ViewController.swift; sourceTree = "<group>"; };
		038837361BE706A80041DC6A /* Base */ = {isa = PBXFileReference; lastKnownFileType = file.storyboard; name = Base; path = Base.lproj/Main.storyboard; sourceTree = "<group>"; };
		038837381BE706A80041DC6A /* Assets.xcassets */ = {isa = PBXFileReference; lastKnownFileType = folder.assetcatalog; path = Assets.xcassets; sourceTree = "<group>"; };
		0388373B1BE706A80041DC6A /* Base */ = {isa = PBXFileReference; lastKnownFileType = file.storyboard; name = Base; path = Base.lproj/LaunchScreen.storyboard; sourceTree = "<group>"; };
		0388373D1BE706A80041DC6A /* Info.plist */ = {isa = PBXFileReference; lastKnownFileType = text.plist.xml; path = Info.plist; sourceTree = "<group>"; };
		038837421BE706A80041DC6A /* SwiftyObjectiveCTests.xctest */ = {isa = PBXFileReference; explicitFileType = wrapper.cfbundle; includeInIndex = 0; path = SwiftyObjectiveCTests.xctest; sourceTree = BUILT_PRODUCTS_DIR; };
		038837461BE706A80041DC6A /* SwiftyObjectiveCTests.swift */ = {isa = PBXFileReference; lastKnownFileType = sourcecode.swift; path = SwiftyObjectiveCTests.swift; sourceTree = "<group>"; };
		038837481BE706A80041DC6A /* Info.plist */ = {isa = PBXFileReference; lastKnownFileType = text.plist.xml; path = Info.plist; sourceTree = "<group>"; };
		038837511BE706A80041DC6A /* SwiftyObjectiveCUITests.swift */ = {isa = PBXFileReference; lastKnownFileType = sourcecode.swift; path = SwiftyObjectiveCUITests.swift; sourceTree = "<group>"; };
		038837531BE706A80041DC6A /* Info.plist */ = {isa = PBXFileReference; lastKnownFileType = text.plist.xml; path = Info.plist; sourceTree = "<group>"; };
		039A81621BF652C0001BEA34 /* SwiftyAccountService.swift */ = {isa = PBXFileReference; fileEncoding = 4; lastKnownFileType = sourcecode.swift; path = SwiftyAccountService.swift; sourceTree = "<group>"; };
		03E478801BF46B200021D263 /* DBAccount.h */ = {isa = PBXFileReference; fileEncoding = 4; lastKnownFileType = sourcecode.c.h; path = DBAccount.h; sourceTree = "<group>"; };
		03E478811BF46B200021D263 /* DBAccount.m */ = {isa = PBXFileReference; fileEncoding = 4; lastKnownFileType = sourcecode.c.objc; path = DBAccount.m; sourceTree = "<group>"; };
		03F55F7D1BF586F800E2C66E /* AccountType.swift */ = {isa = PBXFileReference; fileEncoding = 4; lastKnownFileType = sourcecode.swift; path = AccountType.swift; sourceTree = "<group>"; };
		03F55F871BF6349700E2C66E /* CheckingAccount.swift */ = {isa = PBXFileReference; fileEncoding = 4; lastKnownFileType = sourcecode.swift; path = CheckingAccount.swift; sourceTree = "<group>"; };
		03F55F891BF634A100E2C66E /* CreditAccount.swift */ = {isa = PBXFileReference; fileEncoding = 4; lastKnownFileType = sourcecode.swift; path = CreditAccount.swift; sourceTree = "<group>"; };
		03F55F921BF63EDF00E2C66E /* Quick.framework */ = {isa = PBXFileReference; lastKnownFileType = wrapper.framework; path = Quick.framework; sourceTree = "<group>"; };
		03F55F941BF63F0400E2C66E /* Nimble.framework */ = {isa = PBXFileReference; lastKnownFileType = wrapper.framework; path = Nimble.framework; sourceTree = "<group>"; };
/* End PBXFileReference section */

/* Begin PBXFrameworksBuildPhase section */
		0388372B1BE706A70041DC6A /* Frameworks */ = {
			isa = PBXFrameworksBuildPhase;
			buildActionMask = 2147483647;
			files = (
			);
			runOnlyForDeploymentPostprocessing = 0;
		};
		0388373F1BE706A80041DC6A /* Frameworks */ = {
			isa = PBXFrameworksBuildPhase;
			buildActionMask = 2147483647;
			files = (
				03F55F931BF63EDF00E2C66E /* Quick.framework in Frameworks */,
				03F55F951BF63F0400E2C66E /* Nimble.framework in Frameworks */,
			);
			runOnlyForDeploymentPostprocessing = 0;
		};
/* End PBXFrameworksBuildPhase section */

/* Begin PBXGroup section */
		03428C201BE8600700704898 /* Vendor */ = {
			isa = PBXGroup;
			children = (
				03F55F941BF63F0400E2C66E /* Nimble.framework */,
				03F55F921BF63EDF00E2C66E /* Quick.framework */,
				036474DA1BE86823005DCA8B /* AFNetworking */,
			);
			path = Vendor;
			sourceTree = "<group>";
		};
		036474DA1BE86823005DCA8B /* AFNetworking */ = {
			isa = PBXGroup;
			children = (
				036474DB1BE8683E005DCA8B /* AFHTTPRequestOperation.h */,
				036474DC1BE8683E005DCA8B /* AFHTTPRequestOperation.m */,
				036474DD1BE8683E005DCA8B /* AFHTTPRequestOperationManager.h */,
				036474DE1BE8683E005DCA8B /* AFHTTPRequestOperationManager.m */,
				036474DF1BE8683E005DCA8B /* AFHTTPSessionManager.h */,
				036474E01BE8683E005DCA8B /* AFHTTPSessionManager.m */,
				036474E11BE8683E005DCA8B /* AFNetworking.h */,
				036474E21BE8683E005DCA8B /* AFNetworkReachabilityManager.h */,
				036474E31BE8683E005DCA8B /* AFNetworkReachabilityManager.m */,
				036474E41BE8683E005DCA8B /* AFSecurityPolicy.h */,
				036474E51BE8683E005DCA8B /* AFSecurityPolicy.m */,
				036474E61BE8683E005DCA8B /* AFURLConnectionOperation.h */,
				036474E71BE8683E005DCA8B /* AFURLConnectionOperation.m */,
				036474E81BE8683E005DCA8B /* AFURLRequestSerialization.h */,
				036474E91BE8683E005DCA8B /* AFURLRequestSerialization.m */,
				036474EA1BE8683E005DCA8B /* AFURLResponseSerialization.h */,
				036474EB1BE8683E005DCA8B /* AFURLResponseSerialization.m */,
				036474EC1BE8683E005DCA8B /* AFURLSessionManager.h */,
				036474ED1BE8683E005DCA8B /* AFURLSessionManager.m */,
			);
			path = AFNetworking;
			sourceTree = "<group>";
		};
		036474F71BE86A39005DCA8B /* SwiftyNetwork */ = {
			isa = PBXGroup;
			children = (
				039A81621BF652C0001BEA34 /* SwiftyAccountService.swift */,
			);
			name = SwiftyNetwork;
			sourceTree = "<group>";
		};
		038837251BE706A70041DC6A = {
			isa = PBXGroup;
			children = (
				038837301BE706A80041DC6A /* SwiftyObjectiveC */,
				038837451BE706A80041DC6A /* SwiftyObjectiveCTests */,
				038837501BE706A80041DC6A /* SwiftyObjectiveCUITests */,
				0388372F1BE706A70041DC6A /* Products */,
			);
			sourceTree = "<group>";
		};
		0388372F1BE706A70041DC6A /* Products */ = {
			isa = PBXGroup;
			children = (
				0388372E1BE706A70041DC6A /* SwiftyObjectiveC.app */,
				038837421BE706A80041DC6A /* SwiftyObjectiveCTests.xctest */,
			);
			name = Products;
			sourceTree = "<group>";
		};
		038837301BE706A80041DC6A /* SwiftyObjectiveC */ = {
			isa = PBXGroup;
			children = (
				03F55F7C1BF586E300E2C66E /* Accounts */,
				036474F71BE86A39005DCA8B /* SwiftyNetwork */,
				03428C201BE8600700704898 /* Vendor */,
				0388375F1BE713470041DC6A /* Network */,
				038837311BE706A80041DC6A /* AppDelegate.swift */,
				038837331BE706A80041DC6A /* ViewController.swift */,
				038837351BE706A80041DC6A /* Main.storyboard */,
				038837381BE706A80041DC6A /* Assets.xcassets */,
				03428C1C1BE85E9100704898 /* SwiftyObjectiveC-Bridging-Header.h */,
				0388373A1BE706A80041DC6A /* LaunchScreen.storyboard */,
				0388373D1BE706A80041DC6A /* Info.plist */,
			);
			path = SwiftyObjectiveC;
			sourceTree = "<group>";
		};
		038837451BE706A80041DC6A /* SwiftyObjectiveCTests */ = {
			isa = PBXGroup;
			children = (
				038837461BE706A80041DC6A /* SwiftyObjectiveCTests.swift */,
				038837481BE706A80041DC6A /* Info.plist */,
			);
			path = SwiftyObjectiveCTests;
			sourceTree = "<group>";
		};
		038837501BE706A80041DC6A /* SwiftyObjectiveCUITests */ = {
			isa = PBXGroup;
			children = (
				038837511BE706A80041DC6A /* SwiftyObjectiveCUITests.swift */,
				038837531BE706A80041DC6A /* Info.plist */,
			);
			path = SwiftyObjectiveCUITests;
			sourceTree = "<group>";
		};
		0388375F1BE713470041DC6A /* Network */ = {
			isa = PBXGroup;
			children = (
				03428C1D1BE85E9100704898 /* DBAccountService.h */,
				03428C1E1BE85E9100704898 /* DBAccountService.m */,
				03E478801BF46B200021D263 /* DBAccount.h */,
				03E478811BF46B200021D263 /* DBAccount.m */,
			);
			path = Network;
			sourceTree = "<group>";
		};
		03F55F7C1BF586E300E2C66E /* Accounts */ = {
			isa = PBXGroup;
			children = (
				03F55F7D1BF586F800E2C66E /* AccountType.swift */,
				03F55F871BF6349700E2C66E /* CheckingAccount.swift */,
				03F55F891BF634A100E2C66E /* CreditAccount.swift */,
			);
			name = Accounts;
			sourceTree = "<group>";
		};
/* End PBXGroup section */

/* Begin PBXNativeTarget section */
		0388372D1BE706A70041DC6A /* SwiftyObjectiveC */ = {
			isa = PBXNativeTarget;
			buildConfigurationList = 038837561BE706A80041DC6A /* Build configuration list for PBXNativeTarget "SwiftyObjectiveC" */;
			buildPhases = (
				0388372A1BE706A70041DC6A /* Sources */,
				0388372B1BE706A70041DC6A /* Frameworks */,
				0388372C1BE706A70041DC6A /* Resources */,
			);
			buildRules = (
			);
			dependencies = (
			);
			name = SwiftyObjectiveC;
			productName = SwiftyObjectiveC;
			productReference = 0388372E1BE706A70041DC6A /* SwiftyObjectiveC.app */;
			productType = "com.apple.product-type.application";
		};
		038837411BE706A80041DC6A /* SwiftyObjectiveCTests */ = {
			isa = PBXNativeTarget;
			buildConfigurationList = 038837591BE706A80041DC6A /* Build configuration list for PBXNativeTarget "SwiftyObjectiveCTests" */;
			buildPhases = (
				0388373E1BE706A80041DC6A /* Sources */,
				0388373F1BE706A80041DC6A /* Frameworks */,
				038837401BE706A80041DC6A /* Resources */,
				03F55F961BF63F6500E2C66E /* CopyFiles */,
			);
			buildRules = (
			);
			dependencies = (
				038837441BE706A80041DC6A /* PBXTargetDependency */,
			);
			name = SwiftyObjectiveCTests;
			productName = SwiftyObjectiveCTests;
			productReference = 038837421BE706A80041DC6A /* SwiftyObjectiveCTests.xctest */;
			productType = "com.apple.product-type.bundle.unit-test";
		};
/* End PBXNativeTarget section */

/* Begin PBXProject section */
		038837261BE706A70041DC6A /* Project object */ = {
			isa = PBXProject;
			attributes = {
				LastSwiftUpdateCheck = 0710;
				LastUpgradeCheck = 0710;
				ORGANIZATIONNAME = "Erik Kerber";
				TargetAttributes = {
					0388372D1BE706A70041DC6A = {
						CreatedOnToolsVersion = 7.1;
					};
					038837411BE706A80041DC6A = {
						CreatedOnToolsVersion = 7.1;
						TestTargetID = 0388372D1BE706A70041DC6A;
					};
				};
			};
			buildConfigurationList = 038837291BE706A70041DC6A /* Build configuration list for PBXProject "SwiftyObjectiveC" */;
			compatibilityVersion = "Xcode 3.2";
			developmentRegion = English;
			hasScannedForEncodings = 0;
			knownRegions = (
				en,
				Base,
			);
			mainGroup = 038837251BE706A70041DC6A;
			productRefGroup = 0388372F1BE706A70041DC6A /* Products */;
			projectDirPath = "";
			projectRoot = "";
			targets = (
				0388372D1BE706A70041DC6A /* SwiftyObjectiveC */,
				038837411BE706A80041DC6A /* SwiftyObjectiveCTests */,
			);
		};
/* End PBXProject section */

/* Begin PBXResourcesBuildPhase section */
		0388372C1BE706A70041DC6A /* Resources */ = {
			isa = PBXResourcesBuildPhase;
			buildActionMask = 2147483647;
			files = (
				0388373C1BE706A80041DC6A /* LaunchScreen.storyboard in Resources */,
				038837391BE706A80041DC6A /* Assets.xcassets in Resources */,
				038837371BE706A80041DC6A /* Main.storyboard in Resources */,
			);
			runOnlyForDeploymentPostprocessing = 0;
		};
		038837401BE706A80041DC6A /* Resources */ = {
			isa = PBXResourcesBuildPhase;
			buildActionMask = 2147483647;
			files = (
			);
			runOnlyForDeploymentPostprocessing = 0;
		};
/* End PBXResourcesBuildPhase section */

/* Begin PBXSourcesBuildPhase section */
		0388372A1BE706A70041DC6A /* Sources */ = {
			isa = PBXSourcesBuildPhase;
			buildActionMask = 2147483647;
			files = (
				036474EE1BE8683E005DCA8B /* AFHTTPRequestOperation.m in Sources */,
				03F55F7E1BF586F800E2C66E /* AccountType.swift in Sources */,
				038837341BE706A80041DC6A /* ViewController.swift in Sources */,
				036474EF1BE8683E005DCA8B /* AFHTTPRequestOperationManager.m in Sources */,
				036474F11BE8683E005DCA8B /* AFNetworkReachabilityManager.m in Sources */,
				036474F51BE8683E005DCA8B /* AFURLResponseSerialization.m in Sources */,
				03E478821BF46B200021D263 /* DBAccount.m in Sources */,
				036474F31BE8683E005DCA8B /* AFURLConnectionOperation.m in Sources */,
				036474F21BE8683E005DCA8B /* AFSecurityPolicy.m in Sources */,
				03F55F881BF6349700E2C66E /* CheckingAccount.swift in Sources */,
				036474F01BE8683E005DCA8B /* AFHTTPSessionManager.m in Sources */,
				036474F41BE8683E005DCA8B /* AFURLRequestSerialization.m in Sources */,
				036474F61BE8683E005DCA8B /* AFURLSessionManager.m in Sources */,
				03428C1F1BE85E9100704898 /* DBAccountService.m in Sources */,
				03F55F8A1BF634A100E2C66E /* CreditAccount.swift in Sources */,
				039A81631BF652C0001BEA34 /* SwiftyAccountService.swift in Sources */,
				038837321BE706A80041DC6A /* AppDelegate.swift in Sources */,
			);
			runOnlyForDeploymentPostprocessing = 0;
		};
		0388373E1BE706A80041DC6A /* Sources */ = {
			isa = PBXSourcesBuildPhase;
			buildActionMask = 2147483647;
			files = (
				038837471BE706A80041DC6A /* SwiftyObjectiveCTests.swift in Sources */,
			);
			runOnlyForDeploymentPostprocessing = 0;
		};
/* End PBXSourcesBuildPhase section */

/* Begin PBXTargetDependency section */
		038837441BE706A80041DC6A /* PBXTargetDependency */ = {
			isa = PBXTargetDependency;
			target = 0388372D1BE706A70041DC6A /* SwiftyObjectiveC */;
			targetProxy = 038837431BE706A80041DC6A /* PBXContainerItemProxy */;
		};
/* End PBXTargetDependency section */

/* Begin PBXVariantGroup section */
		038837351BE706A80041DC6A /* Main.storyboard */ = {
			isa = PBXVariantGroup;
			children = (
				038837361BE706A80041DC6A /* Base */,
			);
			name = Main.storyboard;
			sourceTree = "<group>";
		};
		0388373A1BE706A80041DC6A /* LaunchScreen.storyboard */ = {
			isa = PBXVariantGroup;
			children = (
				0388373B1BE706A80041DC6A /* Base */,
			);
			name = LaunchScreen.storyboard;
			sourceTree = "<group>";
		};
/* End PBXVariantGroup section */

/* Begin XCBuildConfiguration section */
		038837541BE706A80041DC6A /* Debug */ = {
			isa = XCBuildConfiguration;
			buildSettings = {
				ALWAYS_SEARCH_USER_PATHS = NO;
				CLANG_CXX_LANGUAGE_STANDARD = "gnu++0x";
				CLANG_CXX_LIBRARY = "libc++";
				CLANG_ENABLE_MODULES = YES;
				CLANG_ENABLE_OBJC_ARC = YES;
				CLANG_WARN_BOOL_CONVERSION = YES;
				CLANG_WARN_CONSTANT_CONVERSION = YES;
				CLANG_WARN_DIRECT_OBJC_ISA_USAGE = YES_ERROR;
				CLANG_WARN_EMPTY_BODY = YES;
				CLANG_WARN_ENUM_CONVERSION = YES;
				CLANG_WARN_INT_CONVERSION = YES;
				CLANG_WARN_OBJC_ROOT_CLASS = YES_ERROR;
				CLANG_WARN_UNREACHABLE_CODE = YES;
				CLANG_WARN__DUPLICATE_METHOD_MATCH = YES;
				"CODE_SIGN_IDENTITY[sdk=iphoneos*]" = "iPhone Developer";
				COPY_PHASE_STRIP = NO;
				DEBUG_INFORMATION_FORMAT = dwarf;
				ENABLE_STRICT_OBJC_MSGSEND = YES;
				ENABLE_TESTABILITY = YES;
				GCC_C_LANGUAGE_STANDARD = gnu99;
				GCC_DYNAMIC_NO_PIC = NO;
				GCC_NO_COMMON_BLOCKS = YES;
				GCC_OPTIMIZATION_LEVEL = 0;
				GCC_PREPROCESSOR_DEFINITIONS = (
					"DEBUG=1",
					"$(inherited)",
				);
				GCC_WARN_64_TO_32_BIT_CONVERSION = YES;
				GCC_WARN_ABOUT_RETURN_TYPE = YES_ERROR;
				GCC_WARN_UNDECLARED_SELECTOR = YES;
				GCC_WARN_UNINITIALIZED_AUTOS = YES_AGGRESSIVE;
				GCC_WARN_UNUSED_FUNCTION = YES;
				GCC_WARN_UNUSED_VARIABLE = YES;
				IPHONEOS_DEPLOYMENT_TARGET = 9.1;
				MTL_ENABLE_DEBUG_INFO = YES;
				ONLY_ACTIVE_ARCH = YES;
				SDKROOT = iphoneos;
				SWIFT_OPTIMIZATION_LEVEL = "-Onone";
			};
			name = Debug;
		};
		038837551BE706A80041DC6A /* Release */ = {
			isa = XCBuildConfiguration;
			buildSettings = {
				ALWAYS_SEARCH_USER_PATHS = NO;
				CLANG_CXX_LANGUAGE_STANDARD = "gnu++0x";
				CLANG_CXX_LIBRARY = "libc++";
				CLANG_ENABLE_MODULES = YES;
				CLANG_ENABLE_OBJC_ARC = YES;
				CLANG_WARN_BOOL_CONVERSION = YES;
				CLANG_WARN_CONSTANT_CONVERSION = YES;
				CLANG_WARN_DIRECT_OBJC_ISA_USAGE = YES_ERROR;
				CLANG_WARN_EMPTY_BODY = YES;
				CLANG_WARN_ENUM_CONVERSION = YES;
				CLANG_WARN_INT_CONVERSION = YES;
				CLANG_WARN_OBJC_ROOT_CLASS = YES_ERROR;
				CLANG_WARN_UNREACHABLE_CODE = YES;
				CLANG_WARN__DUPLICATE_METHOD_MATCH = YES;
				"CODE_SIGN_IDENTITY[sdk=iphoneos*]" = "iPhone Developer";
				COPY_PHASE_STRIP = NO;
				DEBUG_INFORMATION_FORMAT = "dwarf-with-dsym";
				ENABLE_NS_ASSERTIONS = NO;
				ENABLE_STRICT_OBJC_MSGSEND = YES;
				GCC_C_LANGUAGE_STANDARD = gnu99;
				GCC_NO_COMMON_BLOCKS = YES;
				GCC_WARN_64_TO_32_BIT_CONVERSION = YES;
				GCC_WARN_ABOUT_RETURN_TYPE = YES_ERROR;
				GCC_WARN_UNDECLARED_SELECTOR = YES;
				GCC_WARN_UNINITIALIZED_AUTOS = YES_AGGRESSIVE;
				GCC_WARN_UNUSED_FUNCTION = YES;
				GCC_WARN_UNUSED_VARIABLE = YES;
				IPHONEOS_DEPLOYMENT_TARGET = 9.1;
				MTL_ENABLE_DEBUG_INFO = NO;
				SDKROOT = iphoneos;
				VALIDATE_PRODUCT = YES;
			};
			name = Release;
		};
		038837571BE706A80041DC6A /* Debug */ = {
			isa = XCBuildConfiguration;
			buildSettings = {
				ASSETCATALOG_COMPILER_APPICON_NAME = AppIcon;
				CLANG_ENABLE_MODULES = YES;
				FRAMEWORK_SEARCH_PATHS = (
					"$(inherited)",
					"$(PROJECT_DIR)/SwiftyObjectiveC/Vendor",
				);
				INFOPLIST_FILE = SwiftyObjectiveC/Info.plist;
				LD_RUNPATH_SEARCH_PATHS = "$(inherited) @executable_path/Frameworks";
				PRODUCT_BUNDLE_IDENTIFIER = com.distilledbits.SwiftyObjectiveC;
				PRODUCT_NAME = "$(TARGET_NAME)";
				SWIFT_OBJC_BRIDGING_HEADER = "SwiftyObjectiveC/SwiftyObjectiveC-Bridging-Header.h";
				SWIFT_OPTIMIZATION_LEVEL = "-Onone";
			};
			name = Debug;
		};
		038837581BE706A80041DC6A /* Release */ = {
			isa = XCBuildConfiguration;
			buildSettings = {
				ASSETCATALOG_COMPILER_APPICON_NAME = AppIcon;
				CLANG_ENABLE_MODULES = YES;
				FRAMEWORK_SEARCH_PATHS = (
					"$(inherited)",
					"$(PROJECT_DIR)/SwiftyObjectiveC/Vendor",
				);
				INFOPLIST_FILE = SwiftyObjectiveC/Info.plist;
				LD_RUNPATH_SEARCH_PATHS = "$(inherited) @executable_path/Frameworks";
				PRODUCT_BUNDLE_IDENTIFIER = com.distilledbits.SwiftyObjectiveC;
				PRODUCT_NAME = "$(TARGET_NAME)";
				SWIFT_OBJC_BRIDGING_HEADER = "SwiftyObjectiveC/SwiftyObjectiveC-Bridging-Header.h";
			};
			name = Release;
		};
		0388375A1BE706A80041DC6A /* Debug */ = {
			isa = XCBuildConfiguration;
			buildSettings = {
				BUNDLE_LOADER = "$(TEST_HOST)";
				FRAMEWORK_SEARCH_PATHS = (
					"$(inherited)",
					"$(PROJECT_DIR)/SwiftyObjectiveC/Vendor",
				);
				INFOPLIST_FILE = SwiftyObjectiveCTests/Info.plist;
				LD_RUNPATH_SEARCH_PATHS = "$(inherited) @executable_path/Frameworks @loader_path/Frameworks";
				PRODUCT_BUNDLE_IDENTIFIER = com.distilledbits.SwiftyObjectiveCTests;
				PRODUCT_NAME = "$(TARGET_NAME)";
				TEST_HOST = "$(BUILT_PRODUCTS_DIR)/SwiftyObjectiveC.app/SwiftyObjectiveC";
			};
			name = Debug;
		};
		0388375B1BE706A80041DC6A /* Release */ = {
			isa = XCBuildConfiguration;
			buildSettings = {
				BUNDLE_LOADER = "$(TEST_HOST)";
				FRAMEWORK_SEARCH_PATHS = (
					"$(inherited)",
					"$(PROJECT_DIR)/SwiftyObjectiveC/Vendor",
				);
				INFOPLIST_FILE = SwiftyObjectiveCTests/Info.plist;
				LD_RUNPATH_SEARCH_PATHS = "$(inherited) @executable_path/Frameworks @loader_path/Frameworks";
				PRODUCT_BUNDLE_IDENTIFIER = com.distilledbits.SwiftyObjectiveCTests;
				PRODUCT_NAME = "$(TARGET_NAME)";
				TEST_HOST = "$(BUILT_PRODUCTS_DIR)/SwiftyObjectiveC.app/SwiftyObjectiveC";
			};
			name = Release;
		};
/* End XCBuildConfiguration section */

/* Begin XCConfigurationList section */
		038837291BE706A70041DC6A /* Build configuration list for PBXProject "SwiftyObjectiveC" */ = {
			isa = XCConfigurationList;
			buildConfigurations = (
				038837541BE706A80041DC6A /* Debug */,
				038837551BE706A80041DC6A /* Release */,
			);
			defaultConfigurationIsVisible = 0;
			defaultConfigurationName = Release;
		};
		038837561BE706A80041DC6A /* Build configuration list for PBXNativeTarget "SwiftyObjectiveC" */ = {
			isa = XCConfigurationList;
			buildConfigurations = (
				038837571BE706A80041DC6A /* Debug */,
				038837581BE706A80041DC6A /* Release */,
			);
			defaultConfigurationIsVisible = 0;
			defaultConfigurationName = Release;
		};
		038837591BE706A80041DC6A /* Build configuration list for PBXNativeTarget "SwiftyObjectiveCTests" */ = {
			isa = XCConfigurationList;
			buildConfigurations = (
				0388375A1BE706A80041DC6A /* Debug */,
				0388375B1BE706A80041DC6A /* Release */,
			);
			defaultConfigurationIsVisible = 0;
			defaultConfigurationName = Release;
		};
/* End XCConfigurationList section */
	};
	rootObject = 038837261BE706A70041DC6A /* Project object */;
}
